
Microsoft Visual Studio Solution File, Format Version 12.00
# Visual Studio Version 17
VisualStudioVersion = 17.1.32210.238
MinimumVisualStudioVersion = 10.0.40219.1
Project("{9A19103F-16F7-4668-BE54-9A1E7A4F7556}") = "API", "API\API.csproj", "{C3BEDCF3-68F3-4572-BD83-5BA859B49708}"
EndProject
Project("{9A19103F-16F7-4668-BE54-9A1E7A4F7556}") = "Adapter", "Adaptor\Adapter.csproj", "{7E80F31C-A524-48A2-B7B6-AE593ED1E057}"
EndProject
Project("{9A19103F-16F7-4668-BE54-9A1E7A4F7556}") = "Model", "Model\Model.csproj", "{081618F2-E395-46FF-B1A0-C19470847D37}"
EndProject
Project("{9A19103F-16F7-4668-BE54-9A1E7A4F7556}") = "TicketServiceClient", "TicketServiceClient\TicketServiceClient.csproj", "{91FEC7D6-1D98-4C5D-886E-C045899A60F9}"
EndProject
Global
	GlobalSection(SolutionConfigurationPlatforms) = preSolution
		Debug|Any CPU = Debug|Any CPU
		Release|Any CPU = Release|Any CPU
	EndGlobalSection
	GlobalSection(ProjectConfigurationPlatforms) = postSolution
		{C3BEDCF3-68F3-4572-BD83-5BA859B49708}.Debug|Any CPU.ActiveCfg = Debug|Any CPU
		{C3BEDCF3-68F3-4572-BD83-5BA859B49708}.Debug|Any CPU.Build.0 = Debug|Any CPU
		{C3BEDCF3-68F3-4572-BD83-5BA859B49708}.Release|Any CPU.ActiveCfg = Release|Any CPU
		{C3BEDCF3-68F3-4572-BD83-5BA859B49708}.Release|Any CPU.Build.0 = Release|Any CPU
		{7E80F31C-A524-48A2-B7B6-AE593ED1E057}.Debug|Any CPU.ActiveCfg = Debug|Any CPU
		{7E80F31C-A524-48A2-B7B6-AE593ED1E057}.Debug|Any CPU.Build.0 = Debug|Any CPU
		{7E80F31C-A524-48A2-B7B6-AE593ED1E057}.Release|Any CPU.ActiveCfg = Release|Any CPU
		{7E80F31C-A524-48A2-B7B6-AE593ED1E057}.Release|Any CPU.Build.0 = Release|Any CPU
		{081618F2-E395-46FF-B1A0-C19470847D37}.Debug|Any CPU.ActiveCfg = Debug|Any CPU
		{081618F2-E395-46FF-B1A0-C19470847D37}.Debug|Any CPU.Build.0 = Debug|Any CPU
		{081618F2-E395-46FF-B1A0-C19470847D37}.Release|Any CPU.ActiveCfg = Release|Any CPU
		{081618F2-E395-46FF-B1A0-C19470847D37}.Release|Any CPU.Build.0 = Release|Any CPU
		{91FEC7D6-1D98-4C5D-886E-C045899A60F9}.Debug|Any CPU.ActiveCfg = Debug|Any CPU
		{91FEC7D6-1D98-4C5D-886E-C045899A60F9}.Debug|Any CPU.Build.0 = Debug|Any CPU
		{91FEC7D6-1D98-4C5D-886E-C045899A60F9}.Release|Any CPU.ActiveCfg = Release|Any CPU
		{91FEC7D6-1D98-4C5D-886E-C045899A60F9}.Release|Any CPU.Build.0 = Release|Any CPU
	EndGlobalSection
	GlobalSection(SolutionProperties) = preSolution
		HideSolutionNode = FALSE
	EndGlobalSection
	GlobalSection(ExtensibilityGlobals) = postSolution
		SolutionGuid = {C6E8AF31-E2A2-47E8-8645-DA7F00EB60E5}
	EndGlobalSection
EndGlobal
